// !$*UTF8*$!
{
	archiveVersion = 1;
	classes = {
	};
	objectVersion = 46;
	objects = {

/* Begin PBXBuildFile section */
		228639B41DB69FE100EB9598 /* AppDelegate.swift in Sources */ = {isa = PBXBuildFile; fileRef = 228639B31DB69FE100EB9598 /* AppDelegate.swift */; };
		228639B61DB69FE100EB9598 /* AddItemViewController.swift in Sources */ = {isa = PBXBuildFile; fileRef = 228639B51DB69FE100EB9598 /* AddItemViewController.swift */; };
		228639B91DB69FE100EB9598 /* Main.storyboard in Resources */ = {isa = PBXBuildFile; fileRef = 228639B71DB69FE100EB9598 /* Main.storyboard */; };
		228639BB1DB69FE100EB9598 /* Assets.xcassets in Resources */ = {isa = PBXBuildFile; fileRef = 228639BA1DB69FE100EB9598 /* Assets.xcassets */; };
		228639BE1DB69FE100EB9598 /* LaunchScreen.storyboard in Resources */ = {isa = PBXBuildFile; fileRef = 228639BC1DB69FE100EB9598 /* LaunchScreen.storyboard */; };
		22F59B481DB6B62B000A6ACE /* Item.swift in Sources */ = {isa = PBXBuildFile; fileRef = 22F59B471DB6B62B000A6ACE /* Item.swift */; };
		22F59B4E1DB6CE55000A6ACE /* ListViewController.swift in Sources */ = {isa = PBXBuildFile; fileRef = 22F59B4D1DB6CE55000A6ACE /* ListViewController.swift */; };
		22F59B501DB6D877000A6ACE /* HistoryViewController.swift in Sources */ = {isa = PBXBuildFile; fileRef = 22F59B4F1DB6D877000A6ACE /* HistoryViewController.swift */; };
/* End PBXBuildFile section */

/* Begin PBXFileReference section */
		228639B01DB69FE100EB9598 /* To-Do List App.app */ = {isa = PBXFileReference; explicitFileType = wrapper.application; includeInIndex = 0; path = "To-Do List App.app"; sourceTree = BUILT_PRODUCTS_DIR; };
		228639B31DB69FE100EB9598 /* AppDelegate.swift */ = {isa = PBXFileReference; lastKnownFileType = sourcecode.swift; path = AppDelegate.swift; sourceTree = "<group>"; };
		228639B51DB69FE100EB9598 /* AddItemViewController.swift */ = {isa = PBXFileReference; lastKnownFileType = sourcecode.swift; path = AddItemViewController.swift; sourceTree = "<group>"; };
		228639B81DB69FE100EB9598 /* Base */ = {isa = PBXFileReference; lastKnownFileType = file.storyboard; name = Base; path = Base.lproj/Main.storyboard; sourceTree = "<group>"; };
		228639BA1DB69FE100EB9598 /* Assets.xcassets */ = {isa = PBXFileReference; lastKnownFileType = folder.assetcatalog; path = Assets.xcassets; sourceTree = "<group>"; };
		228639BD1DB69FE100EB9598 /* Base */ = {isa = PBXFileReference; lastKnownFileType = file.storyboard; name = Base; path = Base.lproj/LaunchScreen.storyboard; sourceTree = "<group>"; };
		228639BF1DB69FE100EB9598 /* Info.plist */ = {isa = PBXFileReference; lastKnownFileType = text.plist.xml; path = Info.plist; sourceTree = "<group>"; };
		22F59B471DB6B62B000A6ACE /* Item.swift */ = {isa = PBXFileReference; fileEncoding = 4; lastKnownFileType = sourcecode.swift; name = Item.swift; path = ../Item.swift; sourceTree = "<group>"; };
		22F59B4D1DB6CE55000A6ACE /* ListViewController.swift */ = {isa = PBXFileReference; fileEncoding = 4; lastKnownFileType = sourcecode.swift; path = ListViewController.swift; sourceTree = "<group>"; };
		22F59B4F1DB6D877000A6ACE /* HistoryViewController.swift */ = {isa = PBXFileReference; fileEncoding = 4; lastKnownFileType = sourcecode.swift; path = HistoryViewController.swift; sourceTree = "<group>"; };
/* End PBXFileReference section */

/* Begin PBXFrameworksBuildPhase section */
		228639AD1DB69FE100EB9598 /* Frameworks */ = {
			isa = PBXFrameworksBuildPhase;
			buildActionMask = 2147483647;
			files = (
			);
			runOnlyForDeploymentPostprocessing = 0;
		};
/* End PBXFrameworksBuildPhase section */

/* Begin PBXGroup section */
		228639A71DB69FE100EB9598 = {
			isa = PBXGroup;
			children = (
				228639B21DB69FE100EB9598 /* To-Do List App */,
				228639B11DB69FE100EB9598 /* Products */,
			);
			sourceTree = "<group>";
		};
		228639B11DB69FE100EB9598 /* Products */ = {
			isa = PBXGroup;
			children = (
				228639B01DB69FE100EB9598 /* To-Do List App.app */,
			);
			name = Products;
			sourceTree = "<group>";
		};
		228639B21DB69FE100EB9598 /* To-Do List App */ = {
			isa = PBXGroup;
			children = (
				22F59B471DB6B62B000A6ACE /* Item.swift */,
				228639B31DB69FE100EB9598 /* AppDelegate.swift */,
				228639B51DB69FE100EB9598 /* AddItemViewController.swift */,
				22F59B4F1DB6D877000A6ACE /* HistoryViewController.swift */,
				22F59B4D1DB6CE55000A6ACE /* ListViewController.swift */,
				228639B71DB69FE100EB9598 /* Main.storyboard */,
				228639BA1DB69FE100EB9598 /* Assets.xcassets */,
				228639BC1DB69FE100EB9598 /* LaunchScreen.storyboard */,
				228639BF1DB69FE100EB9598 /* Info.plist */,
			);
			path = "To-Do List App";
			sourceTree = "<group>";
		};
/* End PBXGroup section */

/* Begin PBXNativeTarget section */
		228639AF1DB69FE100EB9598 /* To-Do List App */ = {
			isa = PBXNativeTarget;
			buildConfigurationList = 228639C21DB69FE100EB9598 /* Build configuration list for PBXNativeTarget "To-Do List App" */;
			buildPhases = (
				228639AC1DB69FE100EB9598 /* Sources */,
				228639AD1DB69FE100EB9598 /* Frameworks */,
				228639AE1DB69FE100EB9598 /* Resources */,
			);
			buildRules = (
			);
			dependencies = (
			);
			name = "To-Do List App";
			productName = "To-Do List App";
			productReference = 228639B01DB69FE100EB9598 /* To-Do List App.app */;
			productType = "com.apple.product-type.application";
		};
/* End PBXNativeTarget section */

/* Begin PBXProject section */
		228639A81DB69FE100EB9598 /* Project object */ = {
			isa = PBXProject;
			attributes = {
				LastSwiftUpdateCheck = 0800;
				LastUpgradeCheck = 0800;
				ORGANIZATIONNAME = "Sam Steady";
				TargetAttributes = {
					228639AF1DB69FE100EB9598 = {
						CreatedOnToolsVersion = 8.0;
						DevelopmentTeam = V355836XS2;
						ProvisioningStyle = Automatic;
					};
				};
			};
			buildConfigurationList = 228639AB1DB69FE100EB9598 /* Build configuration list for PBXProject "To-Do List App" */;
			compatibilityVersion = "Xcode 3.2";
			developmentRegion = English;
			hasScannedForEncodings = 0;
			knownRegions = (
				en,
				Base,
			);
			mainGroup = 228639A71DB69FE100EB9598;
			productRefGroup = 228639B11DB69FE100EB9598 /* Products */;
			projectDirPath = "";
			projectRoot = "";
			targets = (
				228639AF1DB69FE100EB9598 /* To-Do List App */,
			);
		};
/* End PBXProject section */

/* Begin PBXResourcesBuildPhase section */
		228639AE1DB69FE100EB9598 /* Resources */ = {
			isa = PBXResourcesBuildPhase;
			buildActionMask = 2147483647;
			files = (
				228639BE1DB69FE100EB9598 /* LaunchScreen.storyboard in Resources */,
				228639BB1DB69FE100EB9598 /* Assets.xcassets in Resources */,
				228639B91DB69FE100EB9598 /* Main.storyboard in Resources */,
			);
			runOnlyForDeploymentPostprocessing = 0;
		};
/* End PBXResourcesBuildPhase section */

/* Begin PBXSourcesBuildPhase section */
		228639AC1DB69FE100EB9598 /* Sources */ = {
			isa = PBXSourcesBuildPhase;
			buildActionMask = 2147483647;
			files = (
				22F59B481DB6B62B000A6ACE /* Item.swift in Sources */,
				228639B61DB69FE100EB9598 /* AddItemViewController.swift in Sources */,
				22F59B4E1DB6CE55000A6ACE /* ListViewController.swift in Sources */,
				22F59B501DB6D877000A6ACE /* HistoryViewController.swift in Sources */,
				228639B41DB69FE100EB9598 /* AppDelegate.swift in Sources */,
			);
			runOnlyForDeploymentPostprocessing = 0;
		};
/* End PBXSourcesBuildPhase section */

/* Begin PBXVariantGroup section */
		228639B71DB69FE100EB9598 /* Main.storyboard */ = {
			isa = PBXVariantGroup;
			children = (
				228639B81DB69FE100EB9598 /* Base */,
			);
			name = Main.storyboard;
			sourceTree = "<group>";
		};
		228639BC1DB69FE100EB9598 /* LaunchScreen.storyboard */ = {
			isa = PBXVariantGroup;
			children = (
				228639BD1DB69FE100EB9598 /* Base */,
			);
			name = LaunchScreen.storyboard;
			sourceTree = "<group>";
		};
/* End PBXVariantGroup section */

/* Begin XCBuildConfiguration section */
		228639C01DB69FE100EB9598 /* Debug */ = {
			isa = XCBuildConfiguration;
			buildSettings = {
				ALWAYS_SEARCH_USER_PATHS = NO;
				CLANG_ANALYZER_NONNULL = YES;
				CLANG_CXX_LANGUAGE_STANDARD = "gnu++0x";
				CLANG_CXX_LIBRARY = "libc++";
				CLANG_ENABLE_MODULES = YES;
				CLANG_ENABLE_OBJC_ARC = YES;
				CLANG_WARN_BOOL_CONVERSION = YES;
				CLANG_WARN_CONSTANT_CONVERSION = YES;
				CLANG_WARN_DIRECT_OBJC_ISA_USAGE = YES_ERROR;
				CLANG_WARN_DOCUMENTATION_COMMENTS = YES;
				CLANG_WARN_EMPTY_BODY = YES;
				CLANG_WARN_ENUM_CONVERSION = YES;
				CLANG_WARN_INFINITE_RECURSION = YES;
				CLANG_WARN_INT_CONVERSION = YES;
				CLANG_WARN_OBJC_ROOT_CLASS = YES_ERROR;
				CLANG_WARN_SUSPICIOUS_MOVES = YES;
				CLANG_WARN_UNREACHABLE_CODE = YES;
				CLANG_WARN__DUPLICATE_METHOD_MATCH = YES;
				"CODE_SIGN_IDENTITY[sdk=iphoneos*]" = "iPhone Developer";
				COPY_PHASE_STRIP = NO;
				DEBUG_INFORMATION_FORMAT = dwarf;
				ENABLE_STRICT_OBJC_MSGSEND = YES;
				ENABLE_TESTABILITY = YES;
				GCC_C_LANGUAGE_STANDARD = gnu99;
				GCC_DYNAMIC_NO_PIC = NO;
				GCC_NO_COMMON_BLOCKS = YES;
				GCC_OPTIMIZATION_LEVEL = 0;
				GCC_PREPROCESSOR_DEFINITIONS = (
					"DEBUG=1",
					"$(inherited)",
				);
				GCC_WARN_64_TO_32_BIT_CONVERSION = YES;
				GCC_WARN_ABOUT_RETURN_TYPE = YES_ERROR;
				GCC_WARN_UNDECLARED_SELECTOR = YES;
				GCC_WARN_UNINITIALIZED_AUTOS = YES_AGGRESSIVE;
				GCC_WARN_UNUSED_FUNCTION = YES;
				GCC_WARN_UNUSED_VARIABLE = YES;
				IPHONEOS_DEPLOYMENT_TARGET = 10.0;
				MTL_ENABLE_DEBUG_INFO = YES;
				ONLY_ACTIVE_ARCH = YES;
				SDKROOT = iphoneos;
				SWIFT_ACTIVE_COMPILATION_CONDITIONS = DEBUG;
				SWIFT_OPTIMIZATION_LEVEL = "-Onone";
			};
			name = Debug;
		};
		228639C11DB69FE100EB9598 /* Release */ = {
			isa = XCBuildConfiguration;
			buildSettings = {
				ALWAYS_SEARCH_USER_PATHS = NO;
				CLANG_ANALYZER_NONNULL = YES;
				CLANG_CXX_LANGUAGE_STANDARD = "gnu++0x";
				CLANG_CXX_LIBRARY = "libc++";
				CLANG_ENABLE_MODULES = YES;
				CLANG_ENABLE_OBJC_ARC = YES;
				CLANG_WARN_BOOL_CONVERSION = YES;
				CLANG_WARN_CONSTANT_CONVERSION = YES;
				CLANG_WARN_DIRECT_OBJC_ISA_USAGE = YES_ERROR;
				CLANG_WARN_DOCUMENTATION_COMMENTS = YES;
				CLANG_WARN_EMPTY_BODY = YES;
				CLANG_WARN_ENUM_CONVERSION = YES;
				CLANG_WARN_INFINITE_RECURSION = YES;
				CLANG_WARN_INT_CONVERSION = YES;
				CLANG_WARN_OBJC_ROOT_CLASS = YES_ERROR;
				CLANG_WARN_SUSPICIOUS_MOVES = YES;
				CLANG_WARN_UNREACHABLE_CODE = YES;
				CLANG_WARN__DUPLICATE_METHOD_MATCH = YES;
				"CODE_SIGN_IDENTITY[sdk=iphoneos*]" = "iPhone Developer";
				COPY_PHASE_STRIP = NO;
				DEBUG_INFORMATION_FORMAT = "dwarf-with-dsym";
				ENABLE_NS_ASSERTIONS = NO;
				ENABLE_STRICT_OBJC_MSGSEND = YES;
				GCC_C_LANGUAGE_STANDARD = gnu99;
				GCC_NO_COMMON_BLOCKS = YES;
				GCC_WARN_64_TO_32_BIT_CONVERSION = YES;
				GCC_WARN_ABOUT_RETURN_TYPE = YES_ERROR;
				GCC_WARN_UNDECLARED_SELECTOR = YES;
				GCC_WARN_UNINITIALIZED_AUTOS = YES_AGGRESSIVE;
				GCC_WARN_UNUSED_FUNCTION = YES;
				GCC_WARN_UNUSED_VARIABLE = YES;
				IPHONEOS_DEPLOYMENT_TARGET = 10.0;
				MTL_ENABLE_DEBUG_INFO = NO;
				SDKROOT = iphoneos;
				SWIFT_OPTIMIZATION_LEVEL = "-Owholemodule";
				VALIDATE_PRODUCT = YES;
			};
			name = Release;
		};
		228639C31DB69FE100EB9598 /* Debug */ = {
			isa = XCBuildConfiguration;
			buildSettings = {
				ASSETCATALOG_COMPILER_APPICON_NAME = AppIcon;
				DEVELOPMENT_TEAM = V355836XS2;
				INFOPLIST_FILE = "To-Do List App/Info.plist";
				LD_RUNPATH_SEARCH_PATHS = "$(inherited) @executable_path/Frameworks";
				PRODUCT_BUNDLE_IDENTIFIER = "com.samsteady.To-Do-List-App";
				PRODUCT_NAME = "$(TARGET_NAME)";
				SWIFT_VERSION = 3.0;
			};
			name = Debug;
		};
		228639C41DB69FE100EB9598 /* Release */ = {
			isa = XCBuildConfiguration;
			buildSettings = {
				ASSETCATALOG_COMPILER_APPICON_NAME = AppIcon;
				DEVELOPMENT_TEAM = V355836XS2;
				INFOPLIST_FILE = "To-Do List App/Info.plist";
				LD_RUNPATH_SEARCH_PATHS = "$(inherited) @executable_path/Frameworks";
				PRODUCT_BUNDLE_IDENTIFIER = "com.samsteady.To-Do-List-App";
				PRODUCT_NAME = "$(TARGET_NAME)";
				SWIFT_VERSION = 3.0;
			};
			name = Release;
		};
/* End XCBuildConfiguration section */

/* Begin XCConfigurationList section */
		228639AB1DB69FE100EB9598 /* Build configuration list for PBXProject "To-Do List App" */ = {
			isa = XCConfigurationList;
			buildConfigurations = (
				228639C01DB69FE100EB9598 /* Debug */,
				228639C11DB69FE100EB9598 /* Release */,
			);
			defaultConfigurationIsVisible = 0;
			defaultConfigurationName = Release;
		};
		228639C21DB69FE100EB9598 /* Build configuration list for PBXNativeTarget "To-Do List App" */ = {
			isa = XCConfigurationList;
			buildConfigurations = (
				228639C31DB69FE100EB9598 /* Debug */,
				228639C41DB69FE100EB9598 /* Release */,
			);
			defaultConfigurationIsVisible = 0;
			defaultConfigurationName = Release;
		};
/* End XCConfigurationList section */
	};
	rootObject = 228639A81DB69FE100EB9598 /* Project object */;
}
